# @generated by Move, please check-in and do not edit manually.

[move]
version = 3
manifest_digest = "FBFDE2173081E8088EAC04673C8F9137833A08448FA14126C64ADBCA4E3DAF32"
deps_digest = "F8BBB0CCB2491CA29A3DF03D6F92277A4F3574266507ACD77214D37ECA3F3082"
dependencies = [
  { id = "Sui", name = "Sui" },
]

[[move.package]]
id = "MoveStdlib"
source = { git = "https://github.com/MystenLabs/sui.git", rev = "framework/devnet", subdir = "crates\\sui-framework\\packages\\move-stdlib" }

[[move.package]]
id = "Sui"
source = { git = "https://github.com/MystenLabs/sui.git", rev = "framework/devnet", subdir = "crates/sui-framework/packages/sui-framework" }

dependencies = [
  { id = "MoveStdlib", name = "MoveStdlib" },
]

[move.toolchain-version]
compiler-version = "1.61.1"
edition = "2024"
flavor = "sui"

[env]

[env.devnet]
chain-id = "833db4e1"
original-published-id = "0x55d51e57af9e4f156c96ee5c0811d228a6cac2bfb69c42b7c2d523b3b56314ee"
latest-published-id = "0x55d51e57af9e4f156c96ee5c0811d228a6cac2bfb69c42b7c2d523b3b56314ee"
published-version = "1"
